{
  "name": "blur-detection",
  "version": "1.0.0",
  "lockfileVersion": 1,
  "requires": true,
  "dependencies": {
    "exec-sh": {
      "version": "0.2.2",
      "resolved": "https://repo.dev.wixpress.com/artifactory/api/npm/npm-repos/exec-sh/-/exec-sh-0.2.2.tgz",
      "integrity": "sha1-Kl5//L19C6J1W97LFuWkJ9+97DY=",
      "requires": {
        "merge": "^1.2.0"
      }
    },
    "merge": {
      "version": "1.2.1",
      "resolved": "https://repo.dev.wixpress.com/artifactory/api/npm/npm-repos/merge/-/merge-1.2.1.tgz",
      "integrity": "sha1-OL6/gMMiCopIe2/Ps5QbsRcgwUU="
    },
    "minimist": {
      "version": "1.2.6",
      "resolved": "https://registry.npmjs.org/minimist/-/minimist-1.2.6.tgz",
      "integrity": "sha512-Jsjnk4bw3YJqYzbdyBiNsPWHPfO++UGG749Cxs6peCu5Xg4nrena6OVxOYxrQTqww0Jmwt+Ref8rggumkTLz9Q=="
    },
    "watch": {
      "version": "1.0.2",
      "resolved": "https://repo.dev.wixpress.com/artifactory/api/npm/npm-repos/watch/-/watch-1.0.2.tgz",
      "integrity": "sha1-NApxe952Vyb6CqB9ch4BR6VR3ww=",
      "requires": {
        "exec-sh": "^0.2.0",
        "minimist": "^1.2.0"
      }
    }
  }
}
